// !$*UTF8*$!
{
	archiveVersion = 1;
	classes = {
	};
	objectVersion = 56;
	objects = {

/* Begin PBXBuildFile section */
		EE5CE3182BB2D50700E0EE35 /* AppDelegate.swift in Sources */ = {isa = PBXBuildFile; fileRef = EE5CE3172BB2D50700E0EE35 /* AppDelegate.swift */; };
		EE5CE31A2BB2D50700E0EE35 /* GameScene.sks in Resources */ = {isa = PBXBuildFile; fileRef = EE5CE3192BB2D50700E0EE35 /* GameScene.sks */; };
		EE5CE31C2BB2D50700E0EE35 /* Actions.sks in Resources */ = {isa = PBXBuildFile; fileRef = EE5CE31B2BB2D50700E0EE35 /* Actions.sks */; };
		EE5CE31E2BB2D50700E0EE35 /* GameScene.swift in Sources */ = {isa = PBXBuildFile; fileRef = EE5CE31D2BB2D50700E0EE35 /* GameScene.swift */; };
		EE5CE3202BB2D50700E0EE35 /* GameViewController.swift in Sources */ = {isa = PBXBuildFile; fileRef = EE5CE31F2BB2D50700E0EE35 /* GameViewController.swift */; };
		EE5CE3232BB2D50700E0EE35 /* Main.storyboard in Resources */ = {isa = PBXBuildFile; fileRef = EE5CE3212BB2D50700E0EE35 /* Main.storyboard */; };
		EE5CE3252BB2D50800E0EE35 /* Assets.xcassets in Resources */ = {isa = PBXBuildFile; fileRef = EE5CE3242BB2D50800E0EE35 /* Assets.xcassets */; };
		EE5CE3282BB2D50800E0EE35 /* LaunchScreen.storyboard in Resources */ = {isa = PBXBuildFile; fileRef = EE5CE3262BB2D50800E0EE35 /* LaunchScreen.storyboard */; };
/* End PBXBuildFile section */

/* Begin PBXFileReference section */
		EE5CE3142BB2D50700E0EE35 /* AngryBirdClone.app */ = {isa = PBXFileReference; explicitFileType = wrapper.application; includeInIndex = 0; path = AngryBirdClone.app; sourceTree = BUILT_PRODUCTS_DIR; };
		EE5CE3172BB2D50700E0EE35 /* AppDelegate.swift */ = {isa = PBXFileReference; lastKnownFileType = sourcecode.swift; path = AppDelegate.swift; sourceTree = "<group>"; };
		EE5CE3192BB2D50700E0EE35 /* GameScene.sks */ = {isa = PBXFileReference; lastKnownFileType = file.sks; path = GameScene.sks; sourceTree = "<group>"; };
		EE5CE31B2BB2D50700E0EE35 /* Actions.sks */ = {isa = PBXFileReference; lastKnownFileType = file.sks; path = Actions.sks; sourceTree = "<group>"; };
		EE5CE31D2BB2D50700E0EE35 /* GameScene.swift */ = {isa = PBXFileReference; lastKnownFileType = sourcecode.swift; path = GameScene.swift; sourceTree = "<group>"; };
		EE5CE31F2BB2D50700E0EE35 /* GameViewController.swift */ = {isa = PBXFileReference; lastKnownFileType = sourcecode.swift; path = GameViewController.swift; sourceTree = "<group>"; };
		EE5CE3222BB2D50700E0EE35 /* Base */ = {isa = PBXFileReference; lastKnownFileType = file.storyboard; name = Base; path = Base.lproj/Main.storyboard; sourceTree = "<group>"; };
		EE5CE3242BB2D50800E0EE35 /* Assets.xcassets */ = {isa = PBXFileReference; lastKnownFileType = folder.assetcatalog; path = Assets.xcassets; sourceTree = "<group>"; };
		EE5CE3272BB2D50800E0EE35 /* Base */ = {isa = PBXFileReference; lastKnownFileType = file.storyboard; name = Base; path = Base.lproj/LaunchScreen.storyboard; sourceTree = "<group>"; };
/* End PBXFileReference section */

/* Begin PBXFrameworksBuildPhase section */
		EE5CE3112BB2D50700E0EE35 /* Frameworks */ = {
			isa = PBXFrameworksBuildPhase;
			buildActionMask = 2147483647;
			files = (
			);
			runOnlyForDeploymentPostprocessing = 0;
		};
/* End PBXFrameworksBuildPhase section */

/* Begin PBXGroup section */
		EE5CE30B2BB2D50700E0EE35 = {
			isa = PBXGroup;
			children = (
				EE5CE3162BB2D50700E0EE35 /* AngryBirdClone */,
				EE5CE3152BB2D50700E0EE35 /* Products */,
			);
			sourceTree = "<group>";
		};
		EE5CE3152BB2D50700E0EE35 /* Products */ = {
			isa = PBXGroup;
			children = (
				EE5CE3142BB2D50700E0EE35 /* AngryBirdClone.app */,
			);
			name = Products;
			sourceTree = "<group>";
		};
		EE5CE3162BB2D50700E0EE35 /* AngryBirdClone */ = {
			isa = PBXGroup;
			children = (
				EE5CE3172BB2D50700E0EE35 /* AppDelegate.swift */,
				EE5CE3192BB2D50700E0EE35 /* GameScene.sks */,
				EE5CE31B2BB2D50700E0EE35 /* Actions.sks */,
				EE5CE31D2BB2D50700E0EE35 /* GameScene.swift */,
				EE5CE31F2BB2D50700E0EE35 /* GameViewController.swift */,
				EE5CE3212BB2D50700E0EE35 /* Main.storyboard */,
				EE5CE3242BB2D50800E0EE35 /* Assets.xcassets */,
				EE5CE3262BB2D50800E0EE35 /* LaunchScreen.storyboard */,
			);
			path = AngryBirdClone;
			sourceTree = "<group>";
		};
/* End PBXGroup section */

/* Begin PBXNativeTarget section */
		EE5CE3132BB2D50700E0EE35 /* AngryBirdClone */ = {
			isa = PBXNativeTarget;
			buildConfigurationList = EE5CE32B2BB2D50800E0EE35 /* Build configuration list for PBXNativeTarget "AngryBirdClone" */;
			buildPhases = (
				EE5CE3102BB2D50700E0EE35 /* Sources */,
				EE5CE3112BB2D50700E0EE35 /* Frameworks */,
				EE5CE3122BB2D50700E0EE35 /* Resources */,
			);
			buildRules = (
			);
			dependencies = (
			);
			name = AngryBirdClone;
			productName = AngryBirdClone;
			productReference = EE5CE3142BB2D50700E0EE35 /* AngryBirdClone.app */;
			productType = "com.apple.product-type.application";
		};
/* End PBXNativeTarget section */

/* Begin PBXProject section */
		EE5CE30C2BB2D50700E0EE35 /* Project object */ = {
			isa = PBXProject;
			attributes = {
				BuildIndependentTargetsInParallel = 1;
				LastSwiftUpdateCheck = 1520;
				LastUpgradeCheck = 1520;
				TargetAttributes = {
					EE5CE3132BB2D50700E0EE35 = {
						CreatedOnToolsVersion = 15.2;
					};
				};
			};
			buildConfigurationList = EE5CE30F2BB2D50700E0EE35 /* Build configuration list for PBXProject "AngryBirdClone" */;
			compatibilityVersion = "Xcode 14.0";
			developmentRegion = en;
			hasScannedForEncodings = 0;
			knownRegions = (
				en,
				Base,
			);
			mainGroup = EE5CE30B2BB2D50700E0EE35;
			productRefGroup = EE5CE3152BB2D50700E0EE35 /* Products */;
			projectDirPath = "";
			projectRoot = "";
			targets = (
				EE5CE3132BB2D50700E0EE35 /* AngryBirdClone */,
			);
		};
/* End PBXProject section */

/* Begin PBXResourcesBuildPhase section */
		EE5CE3122BB2D50700E0EE35 /* Resources */ = {
			isa = PBXResourcesBuildPhase;
			buildActionMask = 2147483647;
			files = (
				EE5CE3232BB2D50700E0EE35 /* Main.storyboard in Resources */,
				EE5CE31A2BB2D50700E0EE35 /* GameScene.sks in Resources */,
				EE5CE3252BB2D50800E0EE35 /* Assets.xcassets in Resources */,
				EE5CE3282BB2D50800E0EE35 /* LaunchScreen.storyboard in Resources */,
				EE5CE31C2BB2D50700E0EE35 /* Actions.sks in Resources */,
			);
			runOnlyForDeploymentPostprocessing = 0;
		};
/* End PBXResourcesBuildPhase section */

/* Begin PBXSourcesBuildPhase section */
		EE5CE3102BB2D50700E0EE35 /* Sources */ = {
			isa = PBXSourcesBuildPhase;
			buildActionMask = 2147483647;
			files = (
				EE5CE31E2BB2D50700E0EE35 /* GameScene.swift in Sources */,
				EE5CE3202BB2D50700E0EE35 /* GameViewController.swift in Sources */,
				EE5CE3182BB2D50700E0EE35 /* AppDelegate.swift in Sources */,
			);
			runOnlyForDeploymentPostprocessing = 0;
		};
/* End PBXSourcesBuildPhase section */

/* Begin PBXVariantGroup section */
		EE5CE3212BB2D50700E0EE35 /* Main.storyboard */ = {
			isa = PBXVariantGroup;
			children = (
				EE5CE3222BB2D50700E0EE35 /* Base */,
			);
			name = Main.storyboard;
			sourceTree = "<group>";
		};
		EE5CE3262BB2D50800E0EE35 /* LaunchScreen.storyboard */ = {
			isa = PBXVariantGroup;
			children = (
				EE5CE3272BB2D50800E0EE35 /* Base */,
			);
			name = LaunchScreen.storyboard;
			sourceTree = "<group>";
		};
/* End PBXVariantGroup section */

/* Begin XCBuildConfiguration section */
		EE5CE3292BB2D50800E0EE35 /* Debug */ = {
			isa = XCBuildConfiguration;
			buildSettings = {
				ALWAYS_SEARCH_USER_PATHS = NO;
				ASSETCATALOG_COMPILER_GENERATE_SWIFT_ASSET_SYMBOL_EXTENSIONS = YES;
				CLANG_ANALYZER_NONNULL = YES;
				CLANG_ANALYZER_NUMBER_OBJECT_CONVERSION = YES_AGGRESSIVE;
				CLANG_CXX_LANGUAGE_STANDARD = "gnu++20";
				CLANG_ENABLE_MODULES = YES;
				CLANG_ENABLE_OBJC_ARC = YES;
				CLANG_ENABLE_OBJC_WEAK = YES;
				CLANG_WARN_BLOCK_CAPTURE_AUTORELEASING = YES;
				CLANG_WARN_BOOL_CONVERSION = YES;
				CLANG_WARN_COMMA = YES;
				CLANG_WARN_CONSTANT_CONVERSION = YES;
				CLANG_WARN_DEPRECATED_OBJC_IMPLEMENTATIONS = YES;
				CLANG_WARN_DIRECT_OBJC_ISA_USAGE = YES_ERROR;
				CLANG_WARN_DOCUMENTATION_COMMENTS = YES;
				CLANG_WARN_EMPTY_BODY = YES;
				CLANG_WARN_ENUM_CONVERSION = YES;
				CLANG_WARN_INFINITE_RECURSION = YES;
				CLANG_WARN_INT_CONVERSION = YES;
				CLANG_WARN_NON_LITERAL_NULL_CONVERSION = YES;
				CLANG_WARN_OBJC_IMPLICIT_RETAIN_SELF = YES;
				CLANG_WARN_OBJC_LITERAL_CONVERSION = YES;
				CLANG_WARN_OBJC_ROOT_CLASS = YES_ERROR;
				CLANG_WARN_QUOTED_INCLUDE_IN_FRAMEWORK_HEADER = YES;
				CLANG_WARN_RANGE_LOOP_ANALYSIS = YES;
				CLANG_WARN_STRICT_PROTOTYPES = YES;
				CLANG_WARN_SUSPICIOUS_MOVE = YES;
				CLANG_WARN_UNGUARDED_AVAILABILITY = YES_AGGRESSIVE;
				CLANG_WARN_UNREACHABLE_CODE = YES;
				CLANG_WARN__DUPLICATE_METHOD_MATCH = YES;
				COPY_PHASE_STRIP = NO;
				DEBUG_INFORMATION_FORMAT = dwarf;
				ENABLE_STRICT_OBJC_MSGSEND = YES;
				ENABLE_TESTABILITY = YES;
				ENABLE_USER_SCRIPT_SANDBOXING = YES;
				GCC_C_LANGUAGE_STANDARD = gnu17;
				GCC_DYNAMIC_NO_PIC = NO;
				GCC_NO_COMMON_BLOCKS = YES;
				GCC_OPTIMIZATION_LEVEL = 0;
				GCC_PREPROCESSOR_DEFINITIONS = (
					"DEBUG=1",
					"$(inherited)",
				);
				GCC_WARN_64_TO_32_BIT_CONVERSION = YES;
				GCC_WARN_ABOUT_RETURN_TYPE = YES_ERROR;
				GCC_WARN_UNDECLARED_SELECTOR = YES;
				GCC_WARN_UNINITIALIZED_AUTOS = YES_AGGRESSIVE;
				GCC_WARN_UNUSED_FUNCTION = YES;
				GCC_WARN_UNUSED_VARIABLE = YES;
				IPHONEOS_DEPLOYMENT_TARGET = 17.2;
				LOCALIZATION_PREFERS_STRING_CATALOGS = YES;
				MTL_ENABLE_DEBUG_INFO = INCLUDE_SOURCE;
				MTL_FAST_MATH = YES;
				ONLY_ACTIVE_ARCH = YES;
				SDKROOT = iphoneos;
				SWIFT_ACTIVE_COMPILATION_CONDITIONS = "DEBUG $(inherited)";
				SWIFT_OPTIMIZATION_LEVEL = "-Onone";
			};
			name = Debug;
		};
		EE5CE32A2BB2D50800E0EE35 /* Release */ = {
			isa = XCBuildConfiguration;
			buildSettings = {
				ALWAYS_SEARCH_USER_PATHS = NO;
				ASSETCATALOG_COMPILER_GENERATE_SWIFT_ASSET_SYMBOL_EXTENSIONS = YES;
				CLANG_ANALYZER_NONNULL = YES;
				CLANG_ANALYZER_NUMBER_OBJECT_CONVERSION = YES_AGGRESSIVE;
				CLANG_CXX_LANGUAGE_STANDARD = "gnu++20";
				CLANG_ENABLE_MODULES = YES;
				CLANG_ENABLE_OBJC_ARC = YES;
				CLANG_ENABLE_OBJC_WEAK = YES;
				CLANG_WARN_BLOCK_CAPTURE_AUTORELEASING = YES;
				CLANG_WARN_BOOL_CONVERSION = YES;
				CLANG_WARN_COMMA = YES;
				CLANG_WARN_CONSTANT_CONVERSION = YES;
				CLANG_WARN_DEPRECATED_OBJC_IMPLEMENTATIONS = YES;
				CLANG_WARN_DIRECT_OBJC_ISA_USAGE = YES_ERROR;
				CLANG_WARN_DOCUMENTATION_COMMENTS = YES;
				CLANG_WARN_EMPTY_BODY = YES;
				CLANG_WARN_ENUM_CONVERSION = YES;
				CLANG_WARN_INFINITE_RECURSION = YES;
				CLANG_WARN_INT_CONVERSION = YES;
				CLANG_WARN_NON_LITERAL_NULL_CONVERSION = YES;
				CLANG_WARN_OBJC_IMPLICIT_RETAIN_SELF = YES;
				CLANG_WARN_OBJC_LITERAL_CONVERSION = YES;
				CLANG_WARN_OBJC_ROOT_CLASS = YES_ERROR;
				CLANG_WARN_QUOTED_INCLUDE_IN_FRAMEWORK_HEADER = YES;
				CLANG_WARN_RANGE_LOOP_ANALYSIS = YES;
				CLANG_WARN_STRICT_PROTOTYPES = YES;
				CLANG_WARN_SUSPICIOUS_MOVE = YES;
				CLANG_WARN_UNGUARDED_AVAILABILITY = YES_AGGRESSIVE;
				CLANG_WARN_UNREACHABLE_CODE = YES;
				CLANG_WARN__DUPLICATE_METHOD_MATCH = YES;
				COPY_PHASE_STRIP = NO;
				DEBUG_INFORMATION_FORMAT = "dwarf-with-dsym";
				ENABLE_NS_ASSERTIONS = NO;
				ENABLE_STRICT_OBJC_MSGSEND = YES;
				ENABLE_USER_SCRIPT_SANDBOXING = YES;
				GCC_C_LANGUAGE_STANDARD = gnu17;
				GCC_NO_COMMON_BLOCKS = YES;
				GCC_WARN_64_TO_32_BIT_CONVERSION = YES;
				GCC_WARN_ABOUT_RETURN_TYPE = YES_ERROR;
				GCC_WARN_UNDECLARED_SELECTOR = YES;
				GCC_WARN_UNINITIALIZED_AUTOS = YES_AGGRESSIVE;
				GCC_WARN_UNUSED_FUNCTION = YES;
				GCC_WARN_UNUSED_VARIABLE = YES;
				IPHONEOS_DEPLOYMENT_TARGET = 17.2;
				LOCALIZATION_PREFERS_STRING_CATALOGS = YES;
				MTL_ENABLE_DEBUG_INFO = NO;
				MTL_FAST_MATH = YES;
				SDKROOT = iphoneos;
				SWIFT_COMPILATION_MODE = wholemodule;
				VALIDATE_PRODUCT = YES;
			};
			name = Release;
		};
		EE5CE32C2BB2D50800E0EE35 /* Debug */ = {
			isa = XCBuildConfiguration;
			buildSettings = {
				ASSETCATALOG_COMPILER_APPICON_NAME = AppIcon;
				ASSETCATALOG_COMPILER_GLOBAL_ACCENT_COLOR_NAME = AccentColor;
				CODE_SIGN_STYLE = Automatic;
				CURRENT_PROJECT_VERSION = 1;
				DEVELOPMENT_TEAM = QLY56C66ZN;
				GENERATE_INFOPLIST_FILE = YES;
				INFOPLIST_KEY_UIApplicationSupportsIndirectInputEvents = YES;
				INFOPLIST_KEY_UILaunchStoryboardName = LaunchScreen;
				INFOPLIST_KEY_UIMainStoryboardFile = Main;
				INFOPLIST_KEY_UIStatusBarHidden = YES;
				INFOPLIST_KEY_UISupportedInterfaceOrientations = "UIInterfaceOrientationLandscapeLeft UIInterfaceOrientationLandscapeRight";
				INFOPLIST_KEY_UISupportedInterfaceOrientations_iPad = "UIInterfaceOrientationLandscapeLeft UIInterfaceOrientationLandscapeRight";
				LD_RUNPATH_SEARCH_PATHS = (
					"$(inherited)",
					"@executable_path/Frameworks",
				);
				MARKETING_VERSION = 1.0;
				PRODUCT_BUNDLE_IDENTIFIER = com.aleynayerlikaya.AngryBirdClone;
				PRODUCT_NAME = "$(TARGET_NAME)";
				SWIFT_EMIT_LOC_STRINGS = YES;
				SWIFT_VERSION = 5.0;
				TARGETED_DEVICE_FAMILY = "1,2";
			};
			name = Debug;
		};
		EE5CE32D2BB2D50800E0EE35 /* Release */ = {
			isa = XCBuildConfiguration;
			buildSettings = {
				ASSETCATALOG_COMPILER_APPICON_NAME = AppIcon;
				ASSETCATALOG_COMPILER_GLOBAL_ACCENT_COLOR_NAME = AccentColor;
				CODE_SIGN_STYLE = Automatic;
				CURRENT_PROJECT_VERSION = 1;
				DEVELOPMENT_TEAM = QLY56C66ZN;
				GENERATE_INFOPLIST_FILE = YES;
				INFOPLIST_KEY_UIApplicationSupportsIndirectInputEvents = YES;
				INFOPLIST_KEY_UILaunchStoryboardName = LaunchScreen;
				INFOPLIST_KEY_UIMainStoryboardFile = Main;
				INFOPLIST_KEY_UIStatusBarHidden = YES;
				INFOPLIST_KEY_UISupportedInterfaceOrientations = "UIInterfaceOrientationLandscapeLeft UIInterfaceOrientationLandscapeRight";
				INFOPLIST_KEY_UISupportedInterfaceOrientations_iPad = "UIInterfaceOrientationLandscapeLeft UIInterfaceOrientationLandscapeRight";
				LD_RUNPATH_SEARCH_PATHS = (
					"$(inherited)",
					"@executable_path/Frameworks",
				);
				MARKETING_VERSION = 1.0;
				PRODUCT_BUNDLE_IDENTIFIER = com.aleynayerlikaya.AngryBirdClone;
				PRODUCT_NAME = "$(TARGET_NAME)";
				SWIFT_EMIT_LOC_STRINGS = YES;
				SWIFT_VERSION = 5.0;
				TARGETED_DEVICE_FAMILY = "1,2";
			};
			name = Release;
		};
/* End XCBuildConfiguration section */

/* Begin XCConfigurationList section */
		EE5CE30F2BB2D50700E0EE35 /* Build configuration list for PBXProject "AngryBirdClone" */ = {
			isa = XCConfigurationList;
			buildConfigurations = (
				EE5CE3292BB2D50800E0EE35 /* Debug */,
				EE5CE32A2BB2D50800E0EE35 /* Release */,
			);
			defaultConfigurationIsVisible = 0;
			defaultConfigurationName = Release;
		};
		EE5CE32B2BB2D50800E0EE35 /* Build configuration list for PBXNativeTarget "AngryBirdClone" */ = {
			isa = XCConfigurationList;
			buildConfigurations = (
				EE5CE32C2BB2D50800E0EE35 /* Debug */,
				EE5CE32D2BB2D50800E0EE35 /* Release */,
			);
			defaultConfigurationIsVisible = 0;
			defaultConfigurationName = Release;
		};
/* End XCConfigurationList section */
	};
	rootObject = EE5CE30C2BB2D50700E0EE35 /* Project object */;
}
